// !$*UTF8*$!
{
	archiveVersion = 1;
	classes = {
	};
	objectVersion = 46;
	objects = {

/* Begin PBXBuildFile section */
		A5543BED1DB54D8A007D46AA /* AppDelegate.swift in Sources */ = {isa = PBXBuildFile; fileRef = A5543BEC1DB54D8A007D46AA /* AppDelegate.swift */; };
		A5543BF21DB54D8A007D46AA /* Main.storyboard in Resources */ = {isa = PBXBuildFile; fileRef = A5543BF01DB54D8A007D46AA /* Main.storyboard */; };
		A5543BF41DB54D8A007D46AA /* Assets.xcassets in Resources */ = {isa = PBXBuildFile; fileRef = A5543BF31DB54D8A007D46AA /* Assets.xcassets */; };
		A5543BF71DB54D8A007D46AA /* LaunchScreen.storyboard in Resources */ = {isa = PBXBuildFile; fileRef = A5543BF51DB54D8A007D46AA /* LaunchScreen.storyboard */; };
		A5543BFF1DB564C6007D46AA /* TableViewController.swift in Sources */ = {isa = PBXBuildFile; fileRef = A5543BFE1DB564C6007D46AA /* TableViewController.swift */; };
/* End PBXBuildFile section */

/* Begin PBXFileReference section */
		A5543BE91DB54D8A007D46AA /* iOS10Swift3TableViewDemo.app */ = {isa = PBXFileReference; explicitFileType = wrapper.application; includeInIndex = 0; path = iOS10Swift3TableViewDemo.app; sourceTree = BUILT_PRODUCTS_DIR; };
		A5543BEC1DB54D8A007D46AA /* AppDelegate.swift */ = {isa = PBXFileReference; lastKnownFileType = sourcecode.swift; path = AppDelegate.swift; sourceTree = "<group>"; };
		A5543BF11DB54D8A007D46AA /* Base */ = {isa = PBXFileReference; lastKnownFileType = file.storyboard; name = Base; path = Base.lproj/Main.storyboard; sourceTree = "<group>"; };
		A5543BF31DB54D8A007D46AA /* Assets.xcassets */ = {isa = PBXFileReference; lastKnownFileType = folder.assetcatalog; path = Assets.xcassets; sourceTree = "<group>"; };
		A5543BF61DB54D8A007D46AA /* Base */ = {isa = PBXFileReference; lastKnownFileType = file.storyboard; name = Base; path = Base.lproj/LaunchScreen.storyboard; sourceTree = "<group>"; };
		A5543BF81DB54D8A007D46AA /* Info.plist */ = {isa = PBXFileReference; lastKnownFileType = text.plist.xml; path = Info.plist; sourceTree = "<group>"; };
		A5543BFE1DB564C6007D46AA /* TableViewController.swift */ = {isa = PBXFileReference; fileEncoding = 4; lastKnownFileType = sourcecode.swift; path = TableViewController.swift; sourceTree = "<group>"; };
/* End PBXFileReference section */

/* Begin PBXFrameworksBuildPhase section */
		A5543BE61DB54D89007D46AA /* Frameworks */ = {
			isa = PBXFrameworksBuildPhase;
			buildActionMask = 2147483647;
			files = (
			);
			runOnlyForDeploymentPostprocessing = 0;
		};
/* End PBXFrameworksBuildPhase section */

/* Begin PBXGroup section */
		A5543BE01DB54D89007D46AA = {
			isa = PBXGroup;
			children = (
				A5543BEB1DB54D8A007D46AA /* iOS10Swift3TableViewDemo */,
				A5543BEA1DB54D8A007D46AA /* Products */,
			);
			sourceTree = "<group>";
		};
		A5543BEA1DB54D8A007D46AA /* Products */ = {
			isa = PBXGroup;
			children = (
				A5543BE91DB54D8A007D46AA /* iOS10Swift3TableViewDemo.app */,
			);
			name = Products;
			sourceTree = "<group>";
		};
		A5543BEB1DB54D8A007D46AA /* iOS10Swift3TableViewDemo */ = {
			isa = PBXGroup;
			children = (
				A5543BEC1DB54D8A007D46AA /* AppDelegate.swift */,
				A5543BFE1DB564C6007D46AA /* TableViewController.swift */,
				A5543BF01DB54D8A007D46AA /* Main.storyboard */,
				A5543BF31DB54D8A007D46AA /* Assets.xcassets */,
				A5543BF51DB54D8A007D46AA /* LaunchScreen.storyboard */,
				A5543BF81DB54D8A007D46AA /* Info.plist */,
			);
			path = iOS10Swift3TableViewDemo;
			sourceTree = "<group>";
		};
/* End PBXGroup section */

/* Begin PBXNativeTarget section */
		A5543BE81DB54D89007D46AA /* iOS10Swift3TableViewDemo */ = {
			isa = PBXNativeTarget;
			buildConfigurationList = A5543BFB1DB54D8A007D46AA /* Build configuration list for PBXNativeTarget "iOS10Swift3TableViewDemo" */;
			buildPhases = (
				A5543BE51DB54D89007D46AA /* Sources */,
				A5543BE61DB54D89007D46AA /* Frameworks */,
				A5543BE71DB54D89007D46AA /* Resources */,
			);
			buildRules = (
			);
			dependencies = (
			);
			name = iOS10Swift3TableViewDemo;
			productName = iOS10Swift3TableViewDemo;
			productReference = A5543BE91DB54D8A007D46AA /* iOS10Swift3TableViewDemo.app */;
			productType = "com.apple.product-type.application";
		};
/* End PBXNativeTarget section */

/* Begin PBXProject section */
		A5543BE11DB54D89007D46AA /* Project object */ = {
			isa = PBXProject;
			attributes = {
				LastSwiftUpdateCheck = 0800;
				LastUpgradeCheck = 0800;
				ORGANIZATIONNAME = wudifeixue;
				TargetAttributes = {
					A5543BE81DB54D89007D46AA = {
						CreatedOnToolsVersion = 8.0;
						ProvisioningStyle = Automatic;
					};
				};
			};
			buildConfigurationList = A5543BE41DB54D89007D46AA /* Build configuration list for PBXProject "iOS10Swift3TableViewDemo" */;
			compatibilityVersion = "Xcode 3.2";
			developmentRegion = English;
			hasScannedForEncodings = 0;
			knownRegions = (
				en,
				Base,
			);
			mainGroup = A5543BE01DB54D89007D46AA;
			productRefGroup = A5543BEA1DB54D8A007D46AA /* Products */;
			projectDirPath = "";
			projectRoot = "";
			targets = (
				A5543BE81DB54D89007D46AA /* iOS10Swift3TableViewDemo */,
			);
		};
/* End PBXProject section */

/* Begin PBXResourcesBuildPhase section */
		A5543BE71DB54D89007D46AA /* Resources */ = {
			isa = PBXResourcesBuildPhase;
			buildActionMask = 2147483647;
			files = (
				A5543BF71DB54D8A007D46AA /* LaunchScreen.storyboard in Resources */,
				A5543BF41DB54D8A007D46AA /* Assets.xcassets in Resources */,
				A5543BF21DB54D8A007D46AA /* Main.storyboard in Resources */,
			);
			runOnlyForDeploymentPostprocessing = 0;
		};
/* End PBXResourcesBuildPhase section */

/* Begin PBXSourcesBuildPhase section */
		A5543BE51DB54D89007D46AA /* Sources */ = {
			isa = PBXSourcesBuildPhase;
			buildActionMask = 2147483647;
			files = (
				A5543BFF1DB564C6007D46AA /* TableViewController.swift in Sources */,
				A5543BED1DB54D8A007D46AA /* AppDelegate.swift in Sources */,
			);
			runOnlyForDeploymentPostprocessing = 0;
		};
/* End PBXSourcesBuildPhase section */

/* Begin PBXVariantGroup section */
		A5543BF01DB54D8A007D46AA /* Main.storyboard */ = {
			isa = PBXVariantGroup;
			children = (
				A5543BF11DB54D8A007D46AA /* Base */,
			);
			name = Main.storyboard;
			sourceTree = "<group>";
		};
		A5543BF51DB54D8A007D46AA /* LaunchScreen.storyboard */ = {
			isa = PBXVariantGroup;
			children = (
				A5543BF61DB54D8A007D46AA /* Base */,
			);
			name = LaunchScreen.storyboard;
			sourceTree = "<group>";
		};
/* End PBXVariantGroup section */

/* Begin XCBuildConfiguration section */
		A5543BF91DB54D8A007D46AA /* Debug */ = {
			isa = XCBuildConfiguration;
			buildSettings = {
				ALWAYS_SEARCH_USER_PATHS = NO;
				CLANG_ANALYZER_NONNULL = YES;
				CLANG_CXX_LANGUAGE_STANDARD = "gnu++0x";
				CLANG_CXX_LIBRARY = "libc++";
				CLANG_ENABLE_MODULES = YES;
				CLANG_ENABLE_OBJC_ARC = YES;
				CLANG_WARN_BOOL_CONVERSION = YES;
				CLANG_WARN_CONSTANT_CONVERSION = YES;
				CLANG_WARN_DIRECT_OBJC_ISA_USAGE = YES_ERROR;
				CLANG_WARN_DOCUMENTATION_COMMENTS = YES;
				CLANG_WARN_EMPTY_BODY = YES;
				CLANG_WARN_ENUM_CONVERSION = YES;
				CLANG_WARN_INFINITE_RECURSION = YES;
				CLANG_WARN_INT_CONVERSION = YES;
				CLANG_WARN_OBJC_ROOT_CLASS = YES_ERROR;
				CLANG_WARN_SUSPICIOUS_MOVES = YES;
				CLANG_WARN_UNREACHABLE_CODE = YES;
				CLANG_WARN__DUPLICATE_METHOD_MATCH = YES;
				"CODE_SIGN_IDENTITY[sdk=iphoneos*]" = "iPhone Developer";
				COPY_PHASE_STRIP = NO;
				DEBUG_INFORMATION_FORMAT = dwarf;
				ENABLE_STRICT_OBJC_MSGSEND = YES;
				ENABLE_TESTABILITY = YES;
				GCC_C_LANGUAGE_STANDARD = gnu99;
				GCC_DYNAMIC_NO_PIC = NO;
				GCC_NO_COMMON_BLOCKS = YES;
				GCC_OPTIMIZATION_LEVEL = 0;
				GCC_PREPROCESSOR_DEFINITIONS = (
					"DEBUG=1",
					"$(inherited)",
				);
				GCC_WARN_64_TO_32_BIT_CONVERSION = YES;
				GCC_WARN_ABOUT_RETURN_TYPE = YES_ERROR;
				GCC_WARN_UNDECLARED_SELECTOR = YES;
				GCC_WARN_UNINITIALIZED_AUTOS = YES_AGGRESSIVE;
				GCC_WARN_UNUSED_FUNCTION = YES;
				GCC_WARN_UNUSED_VARIABLE = YES;
				IPHONEOS_DEPLOYMENT_TARGET = 10.0;
				MTL_ENABLE_DEBUG_INFO = YES;
				ONLY_ACTIVE_ARCH = YES;
				SDKROOT = iphoneos;
				SWIFT_ACTIVE_COMPILATION_CONDITIONS = DEBUG;
				SWIFT_OPTIMIZATION_LEVEL = "-Onone";
			};
			name = Debug;
		};
		A5543BFA1DB54D8A007D46AA /* Release */ = {
			isa = XCBuildConfiguration;
			buildSettings = {
				ALWAYS_SEARCH_USER_PATHS = NO;
				CLANG_ANALYZER_NONNULL = YES;
				CLANG_CXX_LANGUAGE_STANDARD = "gnu++0x";
				CLANG_CXX_LIBRARY = "libc++";
				CLANG_ENABLE_MODULES = YES;
				CLANG_ENABLE_OBJC_ARC = YES;
				CLANG_WARN_BOOL_CONVERSION = YES;
				CLANG_WARN_CONSTANT_CONVERSION = YES;
				CLANG_WARN_DIRECT_OBJC_ISA_USAGE = YES_ERROR;
				CLANG_WARN_DOCUMENTATION_COMMENTS = YES;
				CLANG_WARN_EMPTY_BODY = YES;
				CLANG_WARN_ENUM_CONVERSION = YES;
				CLANG_WARN_INFINITE_RECURSION = YES;
				CLANG_WARN_INT_CONVERSION = YES;
				CLANG_WARN_OBJC_ROOT_CLASS = YES_ERROR;
				CLANG_WARN_SUSPICIOUS_MOVES = YES;
				CLANG_WARN_UNREACHABLE_CODE = YES;
				CLANG_WARN__DUPLICATE_METHOD_MATCH = YES;
				"CODE_SIGN_IDENTITY[sdk=iphoneos*]" = "iPhone Developer";
				COPY_PHASE_STRIP = NO;
				DEBUG_INFORMATION_FORMAT = "dwarf-with-dsym";
				ENABLE_NS_ASSERTIONS = NO;
				ENABLE_STRICT_OBJC_MSGSEND = YES;
				GCC_C_LANGUAGE_STANDARD = gnu99;
				GCC_NO_COMMON_BLOCKS = YES;
				GCC_WARN_64_TO_32_BIT_CONVERSION = YES;
				GCC_WARN_ABOUT_RETURN_TYPE = YES_ERROR;
				GCC_WARN_UNDECLARED_SELECTOR = YES;
				GCC_WARN_UNINITIALIZED_AUTOS = YES_AGGRESSIVE;
				GCC_WARN_UNUSED_FUNCTION = YES;
				GCC_WARN_UNUSED_VARIABLE = YES;
				IPHONEOS_DEPLOYMENT_TARGET = 10.0;
				MTL_ENABLE_DEBUG_INFO = NO;
				SDKROOT = iphoneos;
				SWIFT_OPTIMIZATION_LEVEL = "-Owholemodule";
				VALIDATE_PRODUCT = YES;
			};
			name = Release;
		};
		A5543BFC1DB54D8A007D46AA /* Debug */ = {
			isa = XCBuildConfiguration;
			buildSettings = {
				ASSETCATALOG_COMPILER_APPICON_NAME = AppIcon;
				INFOPLIST_FILE = iOS10Swift3TableViewDemo/Info.plist;
				LD_RUNPATH_SEARCH_PATHS = "$(inherited) @executable_path/Frameworks";
				PRODUCT_BUNDLE_IDENTIFIER = com.wudifeixue.iOS10Swift3TableViewDemo;
				PRODUCT_NAME = "$(TARGET_NAME)";
				SWIFT_VERSION = 3.0;
			};
			name = Debug;
		};
		A5543BFD1DB54D8A007D46AA /* Release */ = {
			isa = XCBuildConfiguration;
			buildSettings = {
				ASSETCATALOG_COMPILER_APPICON_NAME = AppIcon;
				INFOPLIST_FILE = iOS10Swift3TableViewDemo/Info.plist;
				LD_RUNPATH_SEARCH_PATHS = "$(inherited) @executable_path/Frameworks";
				PRODUCT_BUNDLE_IDENTIFIER = com.wudifeixue.iOS10Swift3TableViewDemo;
				PRODUCT_NAME = "$(TARGET_NAME)";
				SWIFT_VERSION = 3.0;
			};
			name = Release;
		};
/* End XCBuildConfiguration section */

/* Begin XCConfigurationList section */
		A5543BE41DB54D89007D46AA /* Build configuration list for PBXProject "iOS10Swift3TableViewDemo" */ = {
			isa = XCConfigurationList;
			buildConfigurations = (
				A5543BF91DB54D8A007D46AA /* Debug */,
				A5543BFA1DB54D8A007D46AA /* Release */,
			);
			defaultConfigurationIsVisible = 0;
			defaultConfigurationName = Release;
		};
		A5543BFB1DB54D8A007D46AA /* Build configuration list for PBXNativeTarget "iOS10Swift3TableViewDemo" */ = {
			isa = XCConfigurationList;
			buildConfigurations = (
				A5543BFC1DB54D8A007D46AA /* Debug */,
				A5543BFD1DB54D8A007D46AA /* Release */,
			);
			defaultConfigurationIsVisible = 0;
		};
/* End XCConfigurationList section */
	};
	rootObject = A5543BE11DB54D89007D46AA /* Project object */;
}
